PODS:
  - Alamofire (5.9.1)
  - AppAuth (1.7.5):
    - AppAuth/Core (= 1.7.5)
    - AppAuth/ExternalUserAgent (= 1.7.5)
  - AppAuth/Core (1.7.5)
  - AppAuth/ExternalUserAgent (1.7.5):
    - AppAuth/Core
  - FirebaseAppCheckInterop (11.4.0)
  - FirebaseAuth (11.4.0):
    - FirebaseAppCheckInterop (~> 11.0)
    - FirebaseAuthInterop (~> 11.0)
    - FirebaseCore (~> 11.4)
    - FirebaseCoreExtension (~> 11.4)
    - GoogleUtilities/AppDelegateSwizzler (~> 8.0)
    - GoogleUtilities/Environment (~> 8.0)
    - GTMSessionFetcher/Core (< 5.0, >= 3.4)
    - RecaptchaInterop (~> 100.0)
  - FirebaseAuthInterop (11.4.0)
  - FirebaseAuthUI (14.2.6):
    - FirebaseAuth (< 12.0, >= 11.0)
    - FirebaseCore
  - FirebaseCore (11.4.2):
    - FirebaseCoreInternal (< 12.0, >= 11.4.2)
    - GoogleUtilities/Environment (~> 8.0)
    - GoogleUtilities/Logger (~> 8.0)
  - FirebaseCoreExtension (11.4.1):
    - FirebaseCore (~> 11.0)
  - FirebaseCoreInternal (11.4.2):
    - "GoogleUtilities/NSData+zlib (~> 8.0)"
  - FirebaseGoogleAuthUI (14.2.2):
    - FirebaseAuth
    - FirebaseAuthUI (>= 14.2)
    - FirebaseCore
    - GoogleSignIn (~> 7.0)
  - FirebaseUI/Auth (14.2.0):
    - FirebaseAuthUI (~> 14.2)
  - FirebaseUI/Google (14.2.0):
    - FirebaseGoogleAuthUI (~> 14.2)
  - GoogleSignIn (7.1.0):
    - AppAuth (< 2.0, >= 1.7.3)
    - GTMAppAuth (< 5.0, >= 4.1.1)
    - GTMSessionFetcher/Core (~> 3.3)
  - GoogleUtilities/AppDelegateSwizzler (8.0.2):
    - GoogleUtilities/Environment
    - GoogleUtilities/Logger
    - GoogleUtilities/Network
    - GoogleUtilities/Privacy
  - GoogleUtilities/Environment (8.0.2):
    - GoogleUtilities/Privacy
  - GoogleUtilities/Logger (8.0.2):
    - GoogleUtilities/Environment
    - GoogleUtilities/Privacy
  - GoogleUtilities/Network (8.0.2):
    - GoogleUtilities/Logger
    - "GoogleUtilities/NSData+zlib"
    - GoogleUtilities/Privacy
    - GoogleUtilities/Reachability
  - "GoogleUtilities/NSData+zlib (8.0.2)":
    - GoogleUtilities/Privacy
  - GoogleUtilities/Privacy (8.0.2)
  - GoogleUtilities/Reachability (8.0.2):
    - GoogleUtilities/Logger
    - GoogleUtilities/Privacy
  - GTMAppAuth (4.1.1):
    - AppAuth/Core (~> 1.7)
    - GTMSessionFetcher/Core (< 4.0, >= 3.3)
  - GTMSessionFetcher/Core (3.5.0)
  - RecaptchaInterop (100.0.0)
  - SDWebImage (5.19.7):
    - SDWebImage/Core (= 5.19.7)
  - SDWebImage/Core (5.19.7)
  - SwiftSoup (2.7.3)

DEPENDENCIES:
  - Alamofire
  - FirebaseAuth
  - FirebaseCore
  - FirebaseUI/Auth
  - FirebaseUI/Google
  - SDWebImage
  - SwiftSoup

SPEC REPOS:
  trunk:
    - Alamofire
    - AppAuth
    - FirebaseAppCheckInterop
    - FirebaseAuth
    - FirebaseAuthInterop
    - FirebaseAuthUI
    - FirebaseCore
    - FirebaseCoreExtension
    - FirebaseCoreInternal
    - FirebaseGoogleAuthUI
    - FirebaseUI
    - GoogleSignIn
    - GoogleUtilities
    - GTMAppAuth
    - GTMSessionFetcher
    - RecaptchaInterop
    - SDWebImage
    - SwiftSoup

SPEC CHECKSUMS:
  Alamofire: f36a35757af4587d8e4f4bfa223ad10be2422b8c
  AppAuth: 501c04eda8a8d11f179dbe8637b7a91bb7e5d2fa
  FirebaseAppCheckInterop: 1b9643ae2f1ee214488caa2f8e32b7bc2f0f3735
  FirebaseAuth: c359af98bd703cbf4293eec107a40de08ede6ce6
  FirebaseAuthInterop: 9ac948965ac13ec9d8a080f39490ddb2bda30520
  FirebaseAuthUI: 8e5c09b20bf11478b9fa42c7ed6575fa95807c86
  FirebaseCore: 6b32c57269bd999aab34354c3923d92a6e5f3f84
  FirebaseCoreExtension: f1bc67a4702931a7caa097d8e4ac0a1b0d16720e
  FirebaseCoreInternal: 35731192cab10797b88411be84940d2beb33a238
  FirebaseGoogleAuthUI: bbfd673275e4a4a4a3d0e451884087452d088453
  FirebaseUI: 3909853fc34f316c822e195376f144b1b0c6ca15
  GoogleSignIn: d4281ab6cf21542b1cfaff85c191f230b399d2db
  GoogleUtilities: 26a3abef001b6533cf678d3eb38fd3f614b7872d
  GTMAppAuth: f69bd07d68cd3b766125f7e072c45d7340dea0de
  GTMSessionFetcher: 5aea5ba6bd522a239e236100971f10cb71b96ab6
  RecaptchaInterop: 7d1a4a01a6b2cb1610a47ef3f85f0c411434cb21
  SDWebImage: 8a6b7b160b4d710e2a22b6900e25301075c34cb3
  SwiftSoup: e3849c3293b1efee9cf892f91f6ae5c22bfeb5f7

PODFILE CHECKSUM: e821e002ea913cf7a78bfc02087bd84db2d069df

COCOAPODS: 1.15.2
