// !$*UTF8*$!
{
	archiveVersion = 1;
	classes = {
	};
	objectVersion = 56;
	objects = {

/* Begin PBXBuildFile section */
		B024E3C52C8983770070D806 /* AppDelegate.swift in Sources */ = {isa = PBXBuildFile; fileRef = B024E3C42C8983770070D806 /* AppDelegate.swift */; };
		B024E3C72C8983770070D806 /* SceneDelegate.swift in Sources */ = {isa = PBXBuildFile; fileRef = B024E3C62C8983770070D806 /* SceneDelegate.swift */; };
		B024E3CE2C8983780070D806 /* Assets.xcassets in Resources */ = {isa = PBXBuildFile; fileRef = B024E3CD2C8983780070D806 /* Assets.xcassets */; };
		B072A25B2C8EA94300561F10 /* ViewControllerSplash.swift in Sources */ = {isa = PBXBuildFile; fileRef = B072A25A2C8EA94300561F10 /* ViewControllerSplash.swift */; };
		B072A25D2C8EB1A600561F10 /* ViewControllerManager.swift in Sources */ = {isa = PBXBuildFile; fileRef = B072A25C2C8EB1A600561F10 /* ViewControllerManager.swift */; };
		B072A25F2C8ECEEC00561F10 /* ViewControllerMain.swift in Sources */ = {isa = PBXBuildFile; fileRef = B072A25E2C8ECEEC00561F10 /* ViewControllerMain.swift */; };
		B08637BD2C89A6A7001541DA /* ViewControllerLogin.swift in Sources */ = {isa = PBXBuildFile; fileRef = B08637BC2C89A6A7001541DA /* ViewControllerLogin.swift */; };
		B08637BF2C89A7BC001541DA /* ViewControllerSignup.swift in Sources */ = {isa = PBXBuildFile; fileRef = B08637BE2C89A7BC001541DA /* ViewControllerSignup.swift */; };
		B08637C32C8E86B1001541DA /* ConstantTraining.swift in Sources */ = {isa = PBXBuildFile; fileRef = B08637C22C8E86B1001541DA /* ConstantTraining.swift */; };
		B08637C52C8E8FD4001541DA /* ViewControllerExtension.swift in Sources */ = {isa = PBXBuildFile; fileRef = B08637C42C8E8FD4001541DA /* ViewControllerExtension.swift */; };
/* End PBXBuildFile section */

/* Begin PBXFileReference section */
		B024E3C12C8983770070D806 /* training.app */ = {isa = PBXFileReference; explicitFileType = wrapper.application; includeInIndex = 0; path = training.app; sourceTree = BUILT_PRODUCTS_DIR; };
		B024E3C42C8983770070D806 /* AppDelegate.swift */ = {isa = PBXFileReference; lastKnownFileType = sourcecode.swift; path = AppDelegate.swift; sourceTree = "<group>"; };
		B024E3C62C8983770070D806 /* SceneDelegate.swift */ = {isa = PBXFileReference; lastKnownFileType = sourcecode.swift; path = SceneDelegate.swift; sourceTree = "<group>"; };
		B024E3CD2C8983780070D806 /* Assets.xcassets */ = {isa = PBXFileReference; lastKnownFileType = folder.assetcatalog; path = Assets.xcassets; sourceTree = "<group>"; };
		B024E3D22C8983780070D806 /* Info.plist */ = {isa = PBXFileReference; lastKnownFileType = text.plist.xml; path = Info.plist; sourceTree = "<group>"; };
		B072A25A2C8EA94300561F10 /* ViewControllerSplash.swift */ = {isa = PBXFileReference; lastKnownFileType = sourcecode.swift; path = ViewControllerSplash.swift; sourceTree = "<group>"; };
		B072A25C2C8EB1A600561F10 /* ViewControllerManager.swift */ = {isa = PBXFileReference; lastKnownFileType = sourcecode.swift; path = ViewControllerManager.swift; sourceTree = "<group>"; };
		B072A25E2C8ECEEC00561F10 /* ViewControllerMain.swift */ = {isa = PBXFileReference; lastKnownFileType = sourcecode.swift; path = ViewControllerMain.swift; sourceTree = "<group>"; };
		B08637BC2C89A6A7001541DA /* ViewControllerLogin.swift */ = {isa = PBXFileReference; lastKnownFileType = sourcecode.swift; path = ViewControllerLogin.swift; sourceTree = "<group>"; };
		B08637BE2C89A7BC001541DA /* ViewControllerSignup.swift */ = {isa = PBXFileReference; lastKnownFileType = sourcecode.swift; path = ViewControllerSignup.swift; sourceTree = "<group>"; };
		B08637C22C8E86B1001541DA /* ConstantTraining.swift */ = {isa = PBXFileReference; lastKnownFileType = sourcecode.swift; path = ConstantTraining.swift; sourceTree = "<group>"; };
		B08637C42C8E8FD4001541DA /* ViewControllerExtension.swift */ = {isa = PBXFileReference; lastKnownFileType = sourcecode.swift; path = ViewControllerExtension.swift; sourceTree = "<group>"; };
/* End PBXFileReference section */

/* Begin PBXFrameworksBuildPhase section */
		B024E3BE2C8983770070D806 /* Frameworks */ = {
			isa = PBXFrameworksBuildPhase;
			buildActionMask = 2147483647;
			files = (
			);
			runOnlyForDeploymentPostprocessing = 0;
		};
/* End PBXFrameworksBuildPhase section */

/* Begin PBXGroup section */
		B024E3B82C8983770070D806 = {
			isa = PBXGroup;
			children = (
				B024E3C32C8983770070D806 /* training */,
				B024E3C22C8983770070D806 /* Products */,
			);
			sourceTree = "<group>";
		};
		B024E3C22C8983770070D806 /* Products */ = {
			isa = PBXGroup;
			children = (
				B024E3C12C8983770070D806 /* training.app */,
			);
			name = Products;
			sourceTree = "<group>";
		};
		B024E3C32C8983770070D806 /* training */ = {
			isa = PBXGroup;
			children = (
				B024E3C42C8983770070D806 /* AppDelegate.swift */,
				B024E3C62C8983770070D806 /* SceneDelegate.swift */,
				B08637C42C8E8FD4001541DA /* ViewControllerExtension.swift */,
				B08637BC2C89A6A7001541DA /* ViewControllerLogin.swift */,
				B08637BE2C89A7BC001541DA /* ViewControllerSignup.swift */,
				B072A25A2C8EA94300561F10 /* ViewControllerSplash.swift */,
				B072A25C2C8EB1A600561F10 /* ViewControllerManager.swift */,
				B072A25E2C8ECEEC00561F10 /* ViewControllerMain.swift */,
				B08637C22C8E86B1001541DA /* ConstantTraining.swift */,
				B024E3CD2C8983780070D806 /* Assets.xcassets */,
				B024E3D22C8983780070D806 /* Info.plist */,
			);
			path = training;
			sourceTree = "<group>";
		};
/* End PBXGroup section */

/* Begin PBXNativeTarget section */
		B024E3C02C8983770070D806 /* training */ = {
			isa = PBXNativeTarget;
			buildConfigurationList = B024E3D52C8983780070D806 /* Build configuration list for PBXNativeTarget "training" */;
			buildPhases = (
				B024E3BD2C8983770070D806 /* Sources */,
				B024E3BE2C8983770070D806 /* Frameworks */,
				B024E3BF2C8983770070D806 /* Resources */,
			);
			buildRules = (
			);
			dependencies = (
			);
			name = training;
			productName = training;
			productReference = B024E3C12C8983770070D806 /* training.app */;
			productType = "com.apple.product-type.application";
		};
/* End PBXNativeTarget section */

/* Begin PBXProject section */
		B024E3B92C8983770070D806 /* Project object */ = {
			isa = PBXProject;
			attributes = {
				BuildIndependentTargetsInParallel = 1;
				LastSwiftUpdateCheck = 1540;
				LastUpgradeCheck = 1540;
				TargetAttributes = {
					B024E3C02C8983770070D806 = {
						CreatedOnToolsVersion = 15.4;
					};
				};
			};
			buildConfigurationList = B024E3BC2C8983770070D806 /* Build configuration list for PBXProject "training" */;
			compatibilityVersion = "Xcode 14.0";
			developmentRegion = en;
			hasScannedForEncodings = 0;
			knownRegions = (
				en,
				Base,
			);
			mainGroup = B024E3B82C8983770070D806;
			productRefGroup = B024E3C22C8983770070D806 /* Products */;
			projectDirPath = "";
			projectRoot = "";
			targets = (
				B024E3C02C8983770070D806 /* training */,
			);
		};
/* End PBXProject section */

/* Begin PBXResourcesBuildPhase section */
		B024E3BF2C8983770070D806 /* Resources */ = {
			isa = PBXResourcesBuildPhase;
			buildActionMask = 2147483647;
			files = (
				B024E3CE2C8983780070D806 /* Assets.xcassets in Resources */,
			);
			runOnlyForDeploymentPostprocessing = 0;
		};
/* End PBXResourcesBuildPhase section */

/* Begin PBXSourcesBuildPhase section */
		B024E3BD2C8983770070D806 /* Sources */ = {
			isa = PBXSourcesBuildPhase;
			buildActionMask = 2147483647;
			files = (
				B072A25D2C8EB1A600561F10 /* ViewControllerManager.swift in Sources */,
				B08637BD2C89A6A7001541DA /* ViewControllerLogin.swift in Sources */,
				B08637C32C8E86B1001541DA /* ConstantTraining.swift in Sources */,
				B072A25F2C8ECEEC00561F10 /* ViewControllerMain.swift in Sources */,
				B072A25B2C8EA94300561F10 /* ViewControllerSplash.swift in Sources */,
				B08637C52C8E8FD4001541DA /* ViewControllerExtension.swift in Sources */,
				B024E3C52C8983770070D806 /* AppDelegate.swift in Sources */,
				B08637BF2C89A7BC001541DA /* ViewControllerSignup.swift in Sources */,
				B024E3C72C8983770070D806 /* SceneDelegate.swift in Sources */,
			);
			runOnlyForDeploymentPostprocessing = 0;
		};
/* End PBXSourcesBuildPhase section */

/* Begin XCBuildConfiguration section */
		B024E3D32C8983780070D806 /* Debug */ = {
			isa = XCBuildConfiguration;
			buildSettings = {
				ALWAYS_SEARCH_USER_PATHS = NO;
				ASSETCATALOG_COMPILER_GENERATE_SWIFT_ASSET_SYMBOL_EXTENSIONS = YES;
				CLANG_ANALYZER_NONNULL = YES;
				CLANG_ANALYZER_NUMBER_OBJECT_CONVERSION = YES_AGGRESSIVE;
				CLANG_CXX_LANGUAGE_STANDARD = "gnu++20";
				CLANG_ENABLE_MODULES = YES;
				CLANG_ENABLE_OBJC_ARC = YES;
				CLANG_ENABLE_OBJC_WEAK = YES;
				CLANG_WARN_BLOCK_CAPTURE_AUTORELEASING = YES;
				CLANG_WARN_BOOL_CONVERSION = YES;
				CLANG_WARN_COMMA = YES;
				CLANG_WARN_CONSTANT_CONVERSION = YES;
				CLANG_WARN_DEPRECATED_OBJC_IMPLEMENTATIONS = YES;
				CLANG_WARN_DIRECT_OBJC_ISA_USAGE = YES_ERROR;
				CLANG_WARN_DOCUMENTATION_COMMENTS = YES;
				CLANG_WARN_EMPTY_BODY = YES;
				CLANG_WARN_ENUM_CONVERSION = YES;
				CLANG_WARN_INFINITE_RECURSION = YES;
				CLANG_WARN_INT_CONVERSION = YES;
				CLANG_WARN_NON_LITERAL_NULL_CONVERSION = YES;
				CLANG_WARN_OBJC_IMPLICIT_RETAIN_SELF = YES;
				CLANG_WARN_OBJC_LITERAL_CONVERSION = YES;
				CLANG_WARN_OBJC_ROOT_CLASS = YES_ERROR;
				CLANG_WARN_QUOTED_INCLUDE_IN_FRAMEWORK_HEADER = YES;
				CLANG_WARN_RANGE_LOOP_ANALYSIS = YES;
				CLANG_WARN_STRICT_PROTOTYPES = YES;
				CLANG_WARN_SUSPICIOUS_MOVE = YES;
				CLANG_WARN_UNGUARDED_AVAILABILITY = YES_AGGRESSIVE;
				CLANG_WARN_UNREACHABLE_CODE = YES;
				CLANG_WARN__DUPLICATE_METHOD_MATCH = YES;
				COPY_PHASE_STRIP = NO;
				DEBUG_INFORMATION_FORMAT = dwarf;
				ENABLE_STRICT_OBJC_MSGSEND = YES;
				ENABLE_TESTABILITY = YES;
				ENABLE_USER_SCRIPT_SANDBOXING = YES;
				GCC_C_LANGUAGE_STANDARD = gnu17;
				GCC_DYNAMIC_NO_PIC = NO;
				GCC_NO_COMMON_BLOCKS = YES;
				GCC_OPTIMIZATION_LEVEL = 0;
				GCC_PREPROCESSOR_DEFINITIONS = (
					"DEBUG=1",
					"$(inherited)",
				);
				GCC_WARN_64_TO_32_BIT_CONVERSION = YES;
				GCC_WARN_ABOUT_RETURN_TYPE = YES_ERROR;
				GCC_WARN_UNDECLARED_SELECTOR = YES;
				GCC_WARN_UNINITIALIZED_AUTOS = YES_AGGRESSIVE;
				GCC_WARN_UNUSED_FUNCTION = YES;
				GCC_WARN_UNUSED_VARIABLE = YES;
				IPHONEOS_DEPLOYMENT_TARGET = 17.5;
				LOCALIZATION_PREFERS_STRING_CATALOGS = YES;
				MTL_ENABLE_DEBUG_INFO = INCLUDE_SOURCE;
				MTL_FAST_MATH = YES;
				ONLY_ACTIVE_ARCH = YES;
				SDKROOT = iphoneos;
				SWIFT_ACTIVE_COMPILATION_CONDITIONS = "DEBUG $(inherited)";
				SWIFT_OPTIMIZATION_LEVEL = "-Onone";
			};
			name = Debug;
		};
		B024E3D42C8983780070D806 /* Release */ = {
			isa = XCBuildConfiguration;
			buildSettings = {
				ALWAYS_SEARCH_USER_PATHS = NO;
				ASSETCATALOG_COMPILER_GENERATE_SWIFT_ASSET_SYMBOL_EXTENSIONS = YES;
				CLANG_ANALYZER_NONNULL = YES;
				CLANG_ANALYZER_NUMBER_OBJECT_CONVERSION = YES_AGGRESSIVE;
				CLANG_CXX_LANGUAGE_STANDARD = "gnu++20";
				CLANG_ENABLE_MODULES = YES;
				CLANG_ENABLE_OBJC_ARC = YES;
				CLANG_ENABLE_OBJC_WEAK = YES;
				CLANG_WARN_BLOCK_CAPTURE_AUTORELEASING = YES;
				CLANG_WARN_BOOL_CONVERSION = YES;
				CLANG_WARN_COMMA = YES;
				CLANG_WARN_CONSTANT_CONVERSION = YES;
				CLANG_WARN_DEPRECATED_OBJC_IMPLEMENTATIONS = YES;
				CLANG_WARN_DIRECT_OBJC_ISA_USAGE = YES_ERROR;
				CLANG_WARN_DOCUMENTATION_COMMENTS = YES;
				CLANG_WARN_EMPTY_BODY = YES;
				CLANG_WARN_ENUM_CONVERSION = YES;
				CLANG_WARN_INFINITE_RECURSION = YES;
				CLANG_WARN_INT_CONVERSION = YES;
				CLANG_WARN_NON_LITERAL_NULL_CONVERSION = YES;
				CLANG_WARN_OBJC_IMPLICIT_RETAIN_SELF = YES;
				CLANG_WARN_OBJC_LITERAL_CONVERSION = YES;
				CLANG_WARN_OBJC_ROOT_CLASS = YES_ERROR;
				CLANG_WARN_QUOTED_INCLUDE_IN_FRAMEWORK_HEADER = YES;
				CLANG_WARN_RANGE_LOOP_ANALYSIS = YES;
				CLANG_WARN_STRICT_PROTOTYPES = YES;
				CLANG_WARN_SUSPICIOUS_MOVE = YES;
				CLANG_WARN_UNGUARDED_AVAILABILITY = YES_AGGRESSIVE;
				CLANG_WARN_UNREACHABLE_CODE = YES;
				CLANG_WARN__DUPLICATE_METHOD_MATCH = YES;
				COPY_PHASE_STRIP = NO;
				DEBUG_INFORMATION_FORMAT = "dwarf-with-dsym";
				ENABLE_NS_ASSERTIONS = NO;
				ENABLE_STRICT_OBJC_MSGSEND = YES;
				ENABLE_USER_SCRIPT_SANDBOXING = YES;
				GCC_C_LANGUAGE_STANDARD = gnu17;
				GCC_NO_COMMON_BLOCKS = YES;
				GCC_WARN_64_TO_32_BIT_CONVERSION = YES;
				GCC_WARN_ABOUT_RETURN_TYPE = YES_ERROR;
				GCC_WARN_UNDECLARED_SELECTOR = YES;
				GCC_WARN_UNINITIALIZED_AUTOS = YES_AGGRESSIVE;
				GCC_WARN_UNUSED_FUNCTION = YES;
				GCC_WARN_UNUSED_VARIABLE = YES;
				IPHONEOS_DEPLOYMENT_TARGET = 17.5;
				LOCALIZATION_PREFERS_STRING_CATALOGS = YES;
				MTL_ENABLE_DEBUG_INFO = NO;
				MTL_FAST_MATH = YES;
				SDKROOT = iphoneos;
				SWIFT_COMPILATION_MODE = wholemodule;
				VALIDATE_PRODUCT = YES;
			};
			name = Release;
		};
		B024E3D62C8983780070D806 /* Debug */ = {
			isa = XCBuildConfiguration;
			buildSettings = {
				ASSETCATALOG_COMPILER_APPICON_NAME = AppIcon;
				ASSETCATALOG_COMPILER_GLOBAL_ACCENT_COLOR_NAME = AccentColor;
				CODE_SIGN_STYLE = Automatic;
				CURRENT_PROJECT_VERSION = 1;
				GENERATE_INFOPLIST_FILE = YES;
				INFOPLIST_FILE = training/Info.plist;
				INFOPLIST_KEY_UIApplicationSupportsIndirectInputEvents = YES;
				INFOPLIST_KEY_UILaunchStoryboardName = LaunchScreen;
				INFOPLIST_KEY_UISupportedInterfaceOrientations_iPad = "UIInterfaceOrientationPortrait UIInterfaceOrientationPortraitUpsideDown UIInterfaceOrientationLandscapeLeft UIInterfaceOrientationLandscapeRight";
				INFOPLIST_KEY_UISupportedInterfaceOrientations_iPhone = "UIInterfaceOrientationPortrait UIInterfaceOrientationLandscapeLeft UIInterfaceOrientationLandscapeRight";
				LD_RUNPATH_SEARCH_PATHS = (
					"$(inherited)",
					"@executable_path/Frameworks",
				);
				MARKETING_VERSION = 1.0;
				PRODUCT_BUNDLE_IDENTIFIER = murakami.training;
				PRODUCT_NAME = "$(TARGET_NAME)";
				SWIFT_EMIT_LOC_STRINGS = YES;
				SWIFT_VERSION = 5.0;
				TARGETED_DEVICE_FAMILY = "1,2";
			};
			name = Debug;
		};
		B024E3D72C8983780070D806 /* Release */ = {
			isa = XCBuildConfiguration;
			buildSettings = {
				ASSETCATALOG_COMPILER_APPICON_NAME = AppIcon;
				ASSETCATALOG_COMPILER_GLOBAL_ACCENT_COLOR_NAME = AccentColor;
				CODE_SIGN_STYLE = Automatic;
				CURRENT_PROJECT_VERSION = 1;
				GENERATE_INFOPLIST_FILE = YES;
				INFOPLIST_FILE = training/Info.plist;
				INFOPLIST_KEY_UIApplicationSupportsIndirectInputEvents = YES;
				INFOPLIST_KEY_UILaunchStoryboardName = LaunchScreen;
				INFOPLIST_KEY_UISupportedInterfaceOrientations_iPad = "UIInterfaceOrientationPortrait UIInterfaceOrientationPortraitUpsideDown UIInterfaceOrientationLandscapeLeft UIInterfaceOrientationLandscapeRight";
				INFOPLIST_KEY_UISupportedInterfaceOrientations_iPhone = "UIInterfaceOrientationPortrait UIInterfaceOrientationLandscapeLeft UIInterfaceOrientationLandscapeRight";
				LD_RUNPATH_SEARCH_PATHS = (
					"$(inherited)",
					"@executable_path/Frameworks",
				);
				MARKETING_VERSION = 1.0;
				PRODUCT_BUNDLE_IDENTIFIER = murakami.training;
				PRODUCT_NAME = "$(TARGET_NAME)";
				SWIFT_EMIT_LOC_STRINGS = YES;
				SWIFT_VERSION = 5.0;
				TARGETED_DEVICE_FAMILY = "1,2";
			};
			name = Release;
		};
/* End XCBuildConfiguration section */

/* Begin XCConfigurationList section */
		B024E3BC2C8983770070D806 /* Build configuration list for PBXProject "training" */ = {
			isa = XCConfigurationList;
			buildConfigurations = (
				B024E3D32C8983780070D806 /* Debug */,
				B024E3D42C8983780070D806 /* Release */,
			);
			defaultConfigurationIsVisible = 0;
			defaultConfigurationName = Release;
		};
		B024E3D52C8983780070D806 /* Build configuration list for PBXNativeTarget "training" */ = {
			isa = XCConfigurationList;
			buildConfigurations = (
				B024E3D62C8983780070D806 /* Debug */,
				B024E3D72C8983780070D806 /* Release */,
			);
			defaultConfigurationIsVisible = 0;
			defaultConfigurationName = Release;
		};
/* End XCConfigurationList section */
	};
	rootObject = B024E3B92C8983770070D806 /* Project object */;
}
