// !$*UTF8*$!
{
	archiveVersion = 1;
	classes = {
	};
	objectVersion = 56;
	objects = {

/* Begin PBXBuildFile section */
		B024E3C52C8983770070D806 /* AppDelegate.swift in Sources */ = {isa = PBXBuildFile; fileRef = B024E3C42C8983770070D806 /* AppDelegate.swift */; };
		B024E3C72C8983770070D806 /* SceneDelegate.swift in Sources */ = {isa = PBXBuildFile; fileRef = B024E3C62C8983770070D806 /* SceneDelegate.swift */; };
		B024E3CE2C8983780070D806 /* Assets.xcassets in Resources */ = {isa = PBXBuildFile; fileRef = B024E3CD2C8983780070D806 /* Assets.xcassets */; };
		B08637C32C8E86B1001541DA /* ProjectConstant.swift in Sources */ = {isa = PBXBuildFile; fileRef = B08637C22C8E86B1001541DA /* ProjectConstant.swift */; };
		B08637C52C8E8FD4001541DA /* UINavigationControllerExtension.swift in Sources */ = {isa = PBXBuildFile; fileRef = B08637C42C8E8FD4001541DA /* UINavigationControllerExtension.swift */; };
		B0A28CEF2CBF6FE40081937F /* RSSSelectViewController.swift in Sources */ = {isa = PBXBuildFile; fileRef = B0A28CEE2CBF6FE40081937F /* RSSSelectViewController.swift */; };
		B0A28CF12CBF71DB0081937F /* RSSTableViewCell.swift in Sources */ = {isa = PBXBuildFile; fileRef = B0A28CF02CBF71DB0081937F /* RSSTableViewCell.swift */; };
		B0A7466D2C92A68A00803CD7 /* LaunchScreen.storyboard in Resources */ = {isa = PBXBuildFile; fileRef = B0A7466C2C92A68A00803CD7 /* LaunchScreen.storyboard */; };
		B0A7468F2C92B3CB00803CD7 /* Main.storyboard in Resources */ = {isa = PBXBuildFile; fileRef = B0A7468E2C92B3CB00803CD7 /* Main.storyboard */; };
		B0FFE7DF2CBF63B400F1FCE7 /* RSSClient.swift in Sources */ = {isa = PBXBuildFile; fileRef = B0FFE7DB2CBF63B400F1FCE7 /* RSSClient.swift */; };
		B0FFE7E02CBF63B400F1FCE7 /* RSSDataManager.swift in Sources */ = {isa = PBXBuildFile; fileRef = B0FFE7DC2CBF63B400F1FCE7 /* RSSDataManager.swift */; };
		B0FFE7E12CBF63B400F1FCE7 /* RSSResponse.swift in Sources */ = {isa = PBXBuildFile; fileRef = B0FFE7DD2CBF63B400F1FCE7 /* RSSResponse.swift */; };
		B0FFE7E42CBF63B600F1FCE7 /* LoginViewController.swift in Sources */ = {isa = PBXBuildFile; fileRef = B0FFE7E22CBF63B600F1FCE7 /* LoginViewController.swift */; };
		B0FFE7E72CBF63B800F1FCE7 /* SignupViewController.swift in Sources */ = {isa = PBXBuildFile; fileRef = B0FFE7E52CBF63B800F1FCE7 /* SignupViewController.swift */; };
		B0FFE7EA2CBF63BA00F1FCE7 /* RSSFeedDetailViewController.swift in Sources */ = {isa = PBXBuildFile; fileRef = B0FFE7E82CBF63BA00F1FCE7 /* RSSFeedDetailViewController.swift */; };
		B0FFE7F02CBF63BD00F1FCE7 /* TopicCollectionViewCell.xib in Resources */ = {isa = PBXBuildFile; fileRef = B0FFE7EE2CBF63BD00F1FCE7 /* TopicCollectionViewCell.xib */; };
		B0FFE7F12CBF63BD00F1FCE7 /* RSSFeedListViewController.swift in Sources */ = {isa = PBXBuildFile; fileRef = B0FFE7EB2CBF63BD00F1FCE7 /* RSSFeedListViewController.swift */; };
		B0FFE7F22CBF63BD00F1FCE7 /* RSSFeedTableViewCell.swift in Sources */ = {isa = PBXBuildFile; fileRef = B0FFE7EC2CBF63BD00F1FCE7 /* RSSFeedTableViewCell.swift */; };
		B0FFE7F32CBF63BD00F1FCE7 /* TopicCollectionViewCell.swift in Sources */ = {isa = PBXBuildFile; fileRef = B0FFE7ED2CBF63BD00F1FCE7 /* TopicCollectionViewCell.swift */; };
		F6EBB77A3FD35E38DD2F4E0B /* Pods_training.framework in Frameworks */ = {isa = PBXBuildFile; fileRef = A85AE6CABB8C75B4F6A3E53E /* Pods_training.framework */; };
/* End PBXBuildFile section */

/* Begin PBXFileReference section */
		033B54C44621DDCC211ADB79 /* Pods-training.debug.xcconfig */ = {isa = PBXFileReference; includeInIndex = 1; lastKnownFileType = text.xcconfig; name = "Pods-training.debug.xcconfig"; path = "Target Support Files/Pods-training/Pods-training.debug.xcconfig"; sourceTree = "<group>"; };
		A1CD613371D44B89CDB05389 /* Pods-training.release.xcconfig */ = {isa = PBXFileReference; includeInIndex = 1; lastKnownFileType = text.xcconfig; name = "Pods-training.release.xcconfig"; path = "Target Support Files/Pods-training/Pods-training.release.xcconfig"; sourceTree = "<group>"; };
		A85AE6CABB8C75B4F6A3E53E /* Pods_training.framework */ = {isa = PBXFileReference; explicitFileType = wrapper.framework; includeInIndex = 0; path = Pods_training.framework; sourceTree = BUILT_PRODUCTS_DIR; };
		B024E3C12C8983770070D806 /* training.app */ = {isa = PBXFileReference; explicitFileType = wrapper.application; includeInIndex = 0; path = training.app; sourceTree = BUILT_PRODUCTS_DIR; };
		B024E3C42C8983770070D806 /* AppDelegate.swift */ = {isa = PBXFileReference; lastKnownFileType = sourcecode.swift; path = AppDelegate.swift; sourceTree = "<group>"; };
		B024E3C62C8983770070D806 /* SceneDelegate.swift */ = {isa = PBXFileReference; lastKnownFileType = sourcecode.swift; path = SceneDelegate.swift; sourceTree = "<group>"; };
		B024E3CD2C8983780070D806 /* Assets.xcassets */ = {isa = PBXFileReference; lastKnownFileType = folder.assetcatalog; path = Assets.xcassets; sourceTree = "<group>"; };
		B024E3D22C8983780070D806 /* Info.plist */ = {isa = PBXFileReference; lastKnownFileType = text.plist.xml; path = Info.plist; sourceTree = "<group>"; };
		B08637C22C8E86B1001541DA /* ProjectConstant.swift */ = {isa = PBXFileReference; lastKnownFileType = sourcecode.swift; path = ProjectConstant.swift; sourceTree = "<group>"; };
		B08637C42C8E8FD4001541DA /* UINavigationControllerExtension.swift */ = {isa = PBXFileReference; lastKnownFileType = sourcecode.swift; path = UINavigationControllerExtension.swift; sourceTree = "<group>"; };
		B090C7762CCF26A70083CA86 /* training.entitlements */ = {isa = PBXFileReference; lastKnownFileType = text.plist.entitlements; path = training.entitlements; sourceTree = "<group>"; };
		B0A28CEE2CBF6FE40081937F /* RSSSelectViewController.swift */ = {isa = PBXFileReference; lastKnownFileType = sourcecode.swift; path = RSSSelectViewController.swift; sourceTree = "<group>"; };
		B0A28CF02CBF71DB0081937F /* RSSTableViewCell.swift */ = {isa = PBXFileReference; lastKnownFileType = sourcecode.swift; path = RSSTableViewCell.swift; sourceTree = "<group>"; };
		B0A7466C2C92A68A00803CD7 /* LaunchScreen.storyboard */ = {isa = PBXFileReference; lastKnownFileType = file.storyboard; path = LaunchScreen.storyboard; sourceTree = "<group>"; };
		B0A7468E2C92B3CB00803CD7 /* Main.storyboard */ = {isa = PBXFileReference; lastKnownFileType = file.storyboard; path = Main.storyboard; sourceTree = "<group>"; };
		B0FFE7DB2CBF63B400F1FCE7 /* RSSClient.swift */ = {isa = PBXFileReference; lastKnownFileType = sourcecode.swift; path = RSSClient.swift; sourceTree = "<group>"; };
		B0FFE7DC2CBF63B400F1FCE7 /* RSSDataManager.swift */ = {isa = PBXFileReference; lastKnownFileType = sourcecode.swift; path = RSSDataManager.swift; sourceTree = "<group>"; };
		B0FFE7DD2CBF63B400F1FCE7 /* RSSResponse.swift */ = {isa = PBXFileReference; lastKnownFileType = sourcecode.swift; path = RSSResponse.swift; sourceTree = "<group>"; };
		B0FFE7E22CBF63B600F1FCE7 /* LoginViewController.swift */ = {isa = PBXFileReference; lastKnownFileType = sourcecode.swift; path = LoginViewController.swift; sourceTree = "<group>"; };
		B0FFE7E52CBF63B800F1FCE7 /* SignupViewController.swift */ = {isa = PBXFileReference; lastKnownFileType = sourcecode.swift; path = SignupViewController.swift; sourceTree = "<group>"; };
		B0FFE7E82CBF63BA00F1FCE7 /* RSSFeedDetailViewController.swift */ = {isa = PBXFileReference; lastKnownFileType = sourcecode.swift; path = RSSFeedDetailViewController.swift; sourceTree = "<group>"; };
		B0FFE7EB2CBF63BD00F1FCE7 /* RSSFeedListViewController.swift */ = {isa = PBXFileReference; lastKnownFileType = sourcecode.swift; path = RSSFeedListViewController.swift; sourceTree = "<group>"; };
		B0FFE7EC2CBF63BD00F1FCE7 /* RSSFeedTableViewCell.swift */ = {isa = PBXFileReference; lastKnownFileType = sourcecode.swift; path = RSSFeedTableViewCell.swift; sourceTree = "<group>"; };
		B0FFE7ED2CBF63BD00F1FCE7 /* TopicCollectionViewCell.swift */ = {isa = PBXFileReference; lastKnownFileType = sourcecode.swift; path = TopicCollectionViewCell.swift; sourceTree = "<group>"; };
		B0FFE7EE2CBF63BD00F1FCE7 /* TopicCollectionViewCell.xib */ = {isa = PBXFileReference; lastKnownFileType = file.xib; path = TopicCollectionViewCell.xib; sourceTree = "<group>"; };
/* End PBXFileReference section */

/* Begin PBXFrameworksBuildPhase section */
		B024E3BE2C8983770070D806 /* Frameworks */ = {
			isa = PBXFrameworksBuildPhase;
			buildActionMask = 2147483647;
			files = (
				F6EBB77A3FD35E38DD2F4E0B /* Pods_training.framework in Frameworks */,
			);
			runOnlyForDeploymentPostprocessing = 0;
		};
/* End PBXFrameworksBuildPhase section */

/* Begin PBXGroup section */
		2CE1B437749667F0EB701F33 /* Pods */ = {
			isa = PBXGroup;
			children = (
				033B54C44621DDCC211ADB79 /* Pods-training.debug.xcconfig */,
				A1CD613371D44B89CDB05389 /* Pods-training.release.xcconfig */,
			);
			path = Pods;
			sourceTree = "<group>";
		};
		858EBEE9B2CBCABCA60D64E4 /* Frameworks */ = {
			isa = PBXGroup;
			children = (
				A85AE6CABB8C75B4F6A3E53E /* Pods_training.framework */,
			);
			name = Frameworks;
			sourceTree = "<group>";
		};
		B024E3B82C8983770070D806 = {
			isa = PBXGroup;
			children = (
				B024E3C32C8983770070D806 /* training */,
				B024E3C22C8983770070D806 /* Products */,
				2CE1B437749667F0EB701F33 /* Pods */,
				858EBEE9B2CBCABCA60D64E4 /* Frameworks */,
			);
			sourceTree = "<group>";
		};
		B024E3C22C8983770070D806 /* Products */ = {
			isa = PBXGroup;
			children = (
				B024E3C12C8983770070D806 /* training.app */,
			);
			name = Products;
			sourceTree = "<group>";
		};
		B024E3C32C8983770070D806 /* training */ = {
			isa = PBXGroup;
			children = (
				B090C7762CCF26A70083CA86 /* training.entitlements */,
				B0A28CED2CBF6E990081937F /* RSSSelectView */,
				B0FFE7DE2CBF63B400F1FCE7 /* RSSData */,
				B0FFE7E32CBF63B600F1FCE7 /* LoginView */,
				B0FFE7E62CBF63B800F1FCE7 /* SignupView */,
				B0FFE7E92CBF63BA00F1FCE7 /* RSSFeedDetailView */,
				B0FFE7EF2CBF63BD00F1FCE7 /* RSSFeedListView */,
				B024E3C42C8983770070D806 /* AppDelegate.swift */,
				B024E3C62C8983770070D806 /* SceneDelegate.swift */,
				B08637C42C8E8FD4001541DA /* UINavigationControllerExtension.swift */,
				B08637C22C8E86B1001541DA /* ProjectConstant.swift */,
				B024E3CD2C8983780070D806 /* Assets.xcassets */,
				B024E3D22C8983780070D806 /* Info.plist */,
				B0A7466C2C92A68A00803CD7 /* LaunchScreen.storyboard */,
				B0A7468E2C92B3CB00803CD7 /* Main.storyboard */,
			);
			path = training;
			sourceTree = "<group>";
		};
		B0A28CED2CBF6E990081937F /* RSSSelectView */ = {
			isa = PBXGroup;
			children = (
				B0A28CEE2CBF6FE40081937F /* RSSSelectViewController.swift */,
				B0A28CF02CBF71DB0081937F /* RSSTableViewCell.swift */,
			);
			path = RSSSelectView;
			sourceTree = "<group>";
		};
		B0FFE7DE2CBF63B400F1FCE7 /* RSSData */ = {
			isa = PBXGroup;
			children = (
				B0FFE7DB2CBF63B400F1FCE7 /* RSSClient.swift */,
				B0FFE7DC2CBF63B400F1FCE7 /* RSSDataManager.swift */,
				B0FFE7DD2CBF63B400F1FCE7 /* RSSResponse.swift */,
			);
			path = RSSData;
			sourceTree = "<group>";
		};
		B0FFE7E32CBF63B600F1FCE7 /* LoginView */ = {
			isa = PBXGroup;
			children = (
				B0FFE7E22CBF63B600F1FCE7 /* LoginViewController.swift */,
			);
			path = LoginView;
			sourceTree = "<group>";
		};
		B0FFE7E62CBF63B800F1FCE7 /* SignupView */ = {
			isa = PBXGroup;
			children = (
				B0FFE7E52CBF63B800F1FCE7 /* SignupViewController.swift */,
			);
			path = SignupView;
			sourceTree = "<group>";
		};
		B0FFE7E92CBF63BA00F1FCE7 /* RSSFeedDetailView */ = {
			isa = PBXGroup;
			children = (
				B0FFE7E82CBF63BA00F1FCE7 /* RSSFeedDetailViewController.swift */,
			);
			path = RSSFeedDetailView;
			sourceTree = "<group>";
		};
		B0FFE7EF2CBF63BD00F1FCE7 /* RSSFeedListView */ = {
			isa = PBXGroup;
			children = (
				B0FFE7EB2CBF63BD00F1FCE7 /* RSSFeedListViewController.swift */,
				B0FFE7EC2CBF63BD00F1FCE7 /* RSSFeedTableViewCell.swift */,
				B0FFE7ED2CBF63BD00F1FCE7 /* TopicCollectionViewCell.swift */,
				B0FFE7EE2CBF63BD00F1FCE7 /* TopicCollectionViewCell.xib */,
			);
			path = RSSFeedListView;
			sourceTree = "<group>";
		};
/* End PBXGroup section */

/* Begin PBXNativeTarget section */
		B024E3C02C8983770070D806 /* training */ = {
			isa = PBXNativeTarget;
			buildConfigurationList = B024E3D52C8983780070D806 /* Build configuration list for PBXNativeTarget "training" */;
			buildPhases = (
				7E042E92F2A0FFD906B3C526 /* [CP] Check Pods Manifest.lock */,
				B024E3BD2C8983770070D806 /* Sources */,
				B024E3BE2C8983770070D806 /* Frameworks */,
				B024E3BF2C8983770070D806 /* Resources */,
				FC1C05D727C92AA95883065F /* [CP] Embed Pods Frameworks */,
			);
			buildRules = (
			);
			dependencies = (
			);
			name = training;
			productName = training;
			productReference = B024E3C12C8983770070D806 /* training.app */;
			productType = "com.apple.product-type.application";
		};
/* End PBXNativeTarget section */

/* Begin PBXProject section */
		B024E3B92C8983770070D806 /* Project object */ = {
			isa = PBXProject;
			attributes = {
				BuildIndependentTargetsInParallel = 1;
				LastSwiftUpdateCheck = 1540;
				LastUpgradeCheck = 1540;
				TargetAttributes = {
					B024E3C02C8983770070D806 = {
						CreatedOnToolsVersion = 15.4;
					};
				};
			};
			buildConfigurationList = B024E3BC2C8983770070D806 /* Build configuration list for PBXProject "training" */;
			compatibilityVersion = "Xcode 14.0";
			developmentRegion = en;
			hasScannedForEncodings = 0;
			knownRegions = (
				en,
				Base,
			);
			mainGroup = B024E3B82C8983770070D806;
			productRefGroup = B024E3C22C8983770070D806 /* Products */;
			projectDirPath = "";
			projectRoot = "";
			targets = (
				B024E3C02C8983770070D806 /* training */,
			);
		};
/* End PBXProject section */

/* Begin PBXResourcesBuildPhase section */
		B024E3BF2C8983770070D806 /* Resources */ = {
			isa = PBXResourcesBuildPhase;
			buildActionMask = 2147483647;
			files = (
				B0A7466D2C92A68A00803CD7 /* LaunchScreen.storyboard in Resources */,
				B024E3CE2C8983780070D806 /* Assets.xcassets in Resources */,
				B0FFE7F02CBF63BD00F1FCE7 /* TopicCollectionViewCell.xib in Resources */,
				B0A7468F2C92B3CB00803CD7 /* Main.storyboard in Resources */,
			);
			runOnlyForDeploymentPostprocessing = 0;
		};
/* End PBXResourcesBuildPhase section */

/* Begin PBXShellScriptBuildPhase section */
		7E042E92F2A0FFD906B3C526 /* [CP] Check Pods Manifest.lock */ = {
			isa = PBXShellScriptBuildPhase;
			buildActionMask = 2147483647;
			files = (
			);
			inputFileListPaths = (
			);
			inputPaths = (
				"${PODS_PODFILE_DIR_PATH}/Podfile.lock",
				"${PODS_ROOT}/Manifest.lock",
			);
			name = "[CP] Check Pods Manifest.lock";
			outputFileListPaths = (
			);
			outputPaths = (
				"$(DERIVED_FILE_DIR)/Pods-training-checkManifestLockResult.txt",
			);
			runOnlyForDeploymentPostprocessing = 0;
			shellPath = /bin/sh;
			shellScript = "diff \"${PODS_PODFILE_DIR_PATH}/Podfile.lock\" \"${PODS_ROOT}/Manifest.lock\" > /dev/null\nif [ $? != 0 ] ; then\n    # print error to STDERR\n    echo \"error: The sandbox is not in sync with the Podfile.lock. Run 'pod install' or update your CocoaPods installation.\" >&2\n    exit 1\nfi\n# This output is used by Xcode 'outputs' to avoid re-running this script phase.\necho \"SUCCESS\" > \"${SCRIPT_OUTPUT_FILE_0}\"\n";
			showEnvVarsInLog = 0;
		};
		FC1C05D727C92AA95883065F /* [CP] Embed Pods Frameworks */ = {
			isa = PBXShellScriptBuildPhase;
			buildActionMask = 2147483647;
			files = (
			);
			inputFileListPaths = (
				"${PODS_ROOT}/Target Support Files/Pods-training/Pods-training-frameworks-${CONFIGURATION}-input-files.xcfilelist",
			);
			name = "[CP] Embed Pods Frameworks";
			outputFileListPaths = (
				"${PODS_ROOT}/Target Support Files/Pods-training/Pods-training-frameworks-${CONFIGURATION}-output-files.xcfilelist",
			);
			runOnlyForDeploymentPostprocessing = 0;
			shellPath = /bin/sh;
			shellScript = "\"${PODS_ROOT}/Target Support Files/Pods-training/Pods-training-frameworks.sh\"\n";
			showEnvVarsInLog = 0;
		};
/* End PBXShellScriptBuildPhase section */

/* Begin PBXSourcesBuildPhase section */
		B024E3BD2C8983770070D806 /* Sources */ = {
			isa = PBXSourcesBuildPhase;
			buildActionMask = 2147483647;
			files = (
				B08637C32C8E86B1001541DA /* ProjectConstant.swift in Sources */,
				B08637C52C8E8FD4001541DA /* UINavigationControllerExtension.swift in Sources */,
				B024E3C52C8983770070D806 /* AppDelegate.swift in Sources */,
				B0FFE7EA2CBF63BA00F1FCE7 /* RSSFeedDetailViewController.swift in Sources */,
				B0FFE7DF2CBF63B400F1FCE7 /* RSSClient.swift in Sources */,
				B0FFE7F12CBF63BD00F1FCE7 /* RSSFeedListViewController.swift in Sources */,
				B0A28CF12CBF71DB0081937F /* RSSTableViewCell.swift in Sources */,
				B0FFE7F22CBF63BD00F1FCE7 /* RSSFeedTableViewCell.swift in Sources */,
				B0A28CEF2CBF6FE40081937F /* RSSSelectViewController.swift in Sources */,
				B0FFE7F32CBF63BD00F1FCE7 /* TopicCollectionViewCell.swift in Sources */,
				B0FFE7E02CBF63B400F1FCE7 /* RSSDataManager.swift in Sources */,
				B0FFE7E72CBF63B800F1FCE7 /* SignupViewController.swift in Sources */,
				B0FFE7E12CBF63B400F1FCE7 /* RSSResponse.swift in Sources */,
				B0FFE7E42CBF63B600F1FCE7 /* LoginViewController.swift in Sources */,
				B024E3C72C8983770070D806 /* SceneDelegate.swift in Sources */,
			);
			runOnlyForDeploymentPostprocessing = 0;
		};
/* End PBXSourcesBuildPhase section */

/* Begin XCBuildConfiguration section */
		B024E3D32C8983780070D806 /* Debug */ = {
			isa = XCBuildConfiguration;
			buildSettings = {
				ALWAYS_SEARCH_USER_PATHS = NO;
				ASSETCATALOG_COMPILER_GENERATE_SWIFT_ASSET_SYMBOL_EXTENSIONS = YES;
				CLANG_ANALYZER_NONNULL = YES;
				CLANG_ANALYZER_NUMBER_OBJECT_CONVERSION = YES_AGGRESSIVE;
				CLANG_CXX_LANGUAGE_STANDARD = "gnu++20";
				CLANG_ENABLE_MODULES = YES;
				CLANG_ENABLE_OBJC_ARC = YES;
				CLANG_ENABLE_OBJC_WEAK = YES;
				CLANG_WARN_BLOCK_CAPTURE_AUTORELEASING = YES;
				CLANG_WARN_BOOL_CONVERSION = YES;
				CLANG_WARN_COMMA = YES;
				CLANG_WARN_CONSTANT_CONVERSION = YES;
				CLANG_WARN_DEPRECATED_OBJC_IMPLEMENTATIONS = YES;
				CLANG_WARN_DIRECT_OBJC_ISA_USAGE = YES_ERROR;
				CLANG_WARN_DOCUMENTATION_COMMENTS = YES;
				CLANG_WARN_EMPTY_BODY = YES;
				CLANG_WARN_ENUM_CONVERSION = YES;
				CLANG_WARN_INFINITE_RECURSION = YES;
				CLANG_WARN_INT_CONVERSION = YES;
				CLANG_WARN_NON_LITERAL_NULL_CONVERSION = YES;
				CLANG_WARN_OBJC_IMPLICIT_RETAIN_SELF = YES;
				CLANG_WARN_OBJC_LITERAL_CONVERSION = YES;
				CLANG_WARN_OBJC_ROOT_CLASS = YES_ERROR;
				CLANG_WARN_QUOTED_INCLUDE_IN_FRAMEWORK_HEADER = YES;
				CLANG_WARN_RANGE_LOOP_ANALYSIS = YES;
				CLANG_WARN_STRICT_PROTOTYPES = YES;
				CLANG_WARN_SUSPICIOUS_MOVE = YES;
				CLANG_WARN_UNGUARDED_AVAILABILITY = YES_AGGRESSIVE;
				CLANG_WARN_UNREACHABLE_CODE = YES;
				CLANG_WARN__DUPLICATE_METHOD_MATCH = YES;
				COPY_PHASE_STRIP = NO;
				DEBUG_INFORMATION_FORMAT = dwarf;
				ENABLE_STRICT_OBJC_MSGSEND = YES;
				ENABLE_TESTABILITY = YES;
				ENABLE_USER_SCRIPT_SANDBOXING = NO;
				GCC_C_LANGUAGE_STANDARD = gnu17;
				GCC_DYNAMIC_NO_PIC = NO;
				GCC_NO_COMMON_BLOCKS = YES;
				GCC_OPTIMIZATION_LEVEL = 0;
				GCC_PREPROCESSOR_DEFINITIONS = (
					"DEBUG=1",
					"$(inherited)",
				);
				GCC_WARN_64_TO_32_BIT_CONVERSION = YES;
				GCC_WARN_ABOUT_RETURN_TYPE = YES_ERROR;
				GCC_WARN_UNDECLARED_SELECTOR = YES;
				GCC_WARN_UNINITIALIZED_AUTOS = YES_AGGRESSIVE;
				GCC_WARN_UNUSED_FUNCTION = YES;
				GCC_WARN_UNUSED_VARIABLE = YES;
				IPHONEOS_DEPLOYMENT_TARGET = 17.5;
				LOCALIZATION_PREFERS_STRING_CATALOGS = YES;
				MTL_ENABLE_DEBUG_INFO = INCLUDE_SOURCE;
				MTL_FAST_MATH = YES;
				ONLY_ACTIVE_ARCH = YES;
				SDKROOT = iphoneos;
				SWIFT_ACTIVE_COMPILATION_CONDITIONS = "DEBUG $(inherited)";
				SWIFT_OPTIMIZATION_LEVEL = "-Onone";
			};
			name = Debug;
		};
		B024E3D42C8983780070D806 /* Release */ = {
			isa = XCBuildConfiguration;
			buildSettings = {
				ALWAYS_SEARCH_USER_PATHS = NO;
				ASSETCATALOG_COMPILER_GENERATE_SWIFT_ASSET_SYMBOL_EXTENSIONS = YES;
				CLANG_ANALYZER_NONNULL = YES;
				CLANG_ANALYZER_NUMBER_OBJECT_CONVERSION = YES_AGGRESSIVE;
				CLANG_CXX_LANGUAGE_STANDARD = "gnu++20";
				CLANG_ENABLE_MODULES = YES;
				CLANG_ENABLE_OBJC_ARC = YES;
				CLANG_ENABLE_OBJC_WEAK = YES;
				CLANG_WARN_BLOCK_CAPTURE_AUTORELEASING = YES;
				CLANG_WARN_BOOL_CONVERSION = YES;
				CLANG_WARN_COMMA = YES;
				CLANG_WARN_CONSTANT_CONVERSION = YES;
				CLANG_WARN_DEPRECATED_OBJC_IMPLEMENTATIONS = YES;
				CLANG_WARN_DIRECT_OBJC_ISA_USAGE = YES_ERROR;
				CLANG_WARN_DOCUMENTATION_COMMENTS = YES;
				CLANG_WARN_EMPTY_BODY = YES;
				CLANG_WARN_ENUM_CONVERSION = YES;
				CLANG_WARN_INFINITE_RECURSION = YES;
				CLANG_WARN_INT_CONVERSION = YES;
				CLANG_WARN_NON_LITERAL_NULL_CONVERSION = YES;
				CLANG_WARN_OBJC_IMPLICIT_RETAIN_SELF = YES;
				CLANG_WARN_OBJC_LITERAL_CONVERSION = YES;
				CLANG_WARN_OBJC_ROOT_CLASS = YES_ERROR;
				CLANG_WARN_QUOTED_INCLUDE_IN_FRAMEWORK_HEADER = YES;
				CLANG_WARN_RANGE_LOOP_ANALYSIS = YES;
				CLANG_WARN_STRICT_PROTOTYPES = YES;
				CLANG_WARN_SUSPICIOUS_MOVE = YES;
				CLANG_WARN_UNGUARDED_AVAILABILITY = YES_AGGRESSIVE;
				CLANG_WARN_UNREACHABLE_CODE = YES;
				CLANG_WARN__DUPLICATE_METHOD_MATCH = YES;
				COPY_PHASE_STRIP = NO;
				DEBUG_INFORMATION_FORMAT = "dwarf-with-dsym";
				ENABLE_NS_ASSERTIONS = NO;
				ENABLE_STRICT_OBJC_MSGSEND = YES;
				ENABLE_USER_SCRIPT_SANDBOXING = NO;
				GCC_C_LANGUAGE_STANDARD = gnu17;
				GCC_NO_COMMON_BLOCKS = YES;
				GCC_WARN_64_TO_32_BIT_CONVERSION = YES;
				GCC_WARN_ABOUT_RETURN_TYPE = YES_ERROR;
				GCC_WARN_UNDECLARED_SELECTOR = YES;
				GCC_WARN_UNINITIALIZED_AUTOS = YES_AGGRESSIVE;
				GCC_WARN_UNUSED_FUNCTION = YES;
				GCC_WARN_UNUSED_VARIABLE = YES;
				IPHONEOS_DEPLOYMENT_TARGET = 17.5;
				LOCALIZATION_PREFERS_STRING_CATALOGS = YES;
				MTL_ENABLE_DEBUG_INFO = NO;
				MTL_FAST_MATH = YES;
				SDKROOT = iphoneos;
				SWIFT_COMPILATION_MODE = wholemodule;
				VALIDATE_PRODUCT = YES;
			};
			name = Release;
		};
		B024E3D62C8983780070D806 /* Debug */ = {
			isa = XCBuildConfiguration;
			baseConfigurationReference = 033B54C44621DDCC211ADB79 /* Pods-training.debug.xcconfig */;
			buildSettings = {
				ASSETCATALOG_COMPILER_APPICON_NAME = AppIcon;
				ASSETCATALOG_COMPILER_GLOBAL_ACCENT_COLOR_NAME = AccentColor;
				CODE_SIGN_ENTITLEMENTS = training/training.entitlements;
				CODE_SIGN_STYLE = Automatic;
				CURRENT_PROJECT_VERSION = 1;
				GENERATE_INFOPLIST_FILE = YES;
				INFOPLIST_FILE = training/Info.plist;
				INFOPLIST_KEY_UIApplicationSupportsIndirectInputEvents = YES;
				INFOPLIST_KEY_UILaunchStoryboardName = LaunchScreen.storyboard;
				INFOPLIST_KEY_UIMainStoryboardFile = Main;
				INFOPLIST_KEY_UISupportedInterfaceOrientations_iPad = "UIInterfaceOrientationPortrait UIInterfaceOrientationPortraitUpsideDown UIInterfaceOrientationLandscapeLeft UIInterfaceOrientationLandscapeRight";
				INFOPLIST_KEY_UISupportedInterfaceOrientations_iPhone = "UIInterfaceOrientationPortrait UIInterfaceOrientationLandscapeLeft UIInterfaceOrientationLandscapeRight";
				LD_RUNPATH_SEARCH_PATHS = (
					"$(inherited)",
					"@executable_path/Frameworks",
				);
				MARKETING_VERSION = 1.0;
				PRODUCT_BUNDLE_IDENTIFIER = murakami.training;
				PRODUCT_NAME = "$(TARGET_NAME)";
				SWIFT_EMIT_LOC_STRINGS = YES;
				SWIFT_VERSION = 5.0;
				TARGETED_DEVICE_FAMILY = "1,2";
			};
			name = Debug;
		};
		B024E3D72C8983780070D806 /* Release */ = {
			isa = XCBuildConfiguration;
			baseConfigurationReference = A1CD613371D44B89CDB05389 /* Pods-training.release.xcconfig */;
			buildSettings = {
				ASSETCATALOG_COMPILER_APPICON_NAME = AppIcon;
				ASSETCATALOG_COMPILER_GLOBAL_ACCENT_COLOR_NAME = AccentColor;
				CODE_SIGN_ENTITLEMENTS = training/training.entitlements;
				CODE_SIGN_STYLE = Automatic;
				CURRENT_PROJECT_VERSION = 1;
				GENERATE_INFOPLIST_FILE = YES;
				INFOPLIST_FILE = training/Info.plist;
				INFOPLIST_KEY_UIApplicationSupportsIndirectInputEvents = YES;
				INFOPLIST_KEY_UILaunchStoryboardName = LaunchScreen.storyboard;
				INFOPLIST_KEY_UIMainStoryboardFile = Main;
				INFOPLIST_KEY_UISupportedInterfaceOrientations_iPad = "UIInterfaceOrientationPortrait UIInterfaceOrientationPortraitUpsideDown UIInterfaceOrientationLandscapeLeft UIInterfaceOrientationLandscapeRight";
				INFOPLIST_KEY_UISupportedInterfaceOrientations_iPhone = "UIInterfaceOrientationPortrait UIInterfaceOrientationLandscapeLeft UIInterfaceOrientationLandscapeRight";
				LD_RUNPATH_SEARCH_PATHS = (
					"$(inherited)",
					"@executable_path/Frameworks",
				);
				MARKETING_VERSION = 1.0;
				PRODUCT_BUNDLE_IDENTIFIER = murakami.training;
				PRODUCT_NAME = "$(TARGET_NAME)";
				SWIFT_EMIT_LOC_STRINGS = YES;
				SWIFT_VERSION = 5.0;
				TARGETED_DEVICE_FAMILY = "1,2";
			};
			name = Release;
		};
/* End XCBuildConfiguration section */

/* Begin XCConfigurationList section */
		B024E3BC2C8983770070D806 /* Build configuration list for PBXProject "training" */ = {
			isa = XCConfigurationList;
			buildConfigurations = (
				B024E3D32C8983780070D806 /* Debug */,
				B024E3D42C8983780070D806 /* Release */,
			);
			defaultConfigurationIsVisible = 0;
			defaultConfigurationName = Release;
		};
		B024E3D52C8983780070D806 /* Build configuration list for PBXNativeTarget "training" */ = {
			isa = XCConfigurationList;
			buildConfigurations = (
				B024E3D62C8983780070D806 /* Debug */,
				B024E3D72C8983780070D806 /* Release */,
			);
			defaultConfigurationIsVisible = 0;
			defaultConfigurationName = Release;
		};
/* End XCConfigurationList section */
	};
	rootObject = B024E3B92C8983770070D806 /* Project object */;
}
